// !$*UTF8*$!
{
	archiveVersion = 1;
	classes = {
	};
	objectVersion = 46;
	objects = {

/* Begin PBXBuildFile section */
		3536055C1CA6580D008BD497 /* Main.storyboard in Resources */ = {isa = PBXBuildFile; fileRef = 3536055A1CA6580D008BD497 /* Main.storyboard */; };
		353605611CA6580D008BD497 /* LaunchScreen.storyboard in Resources */ = {isa = PBXBuildFile; fileRef = 3536055F1CA6580D008BD497 /* LaunchScreen.storyboard */; };
		3536056C1CA6580D008BD497 /* WhoQuoteTests.swift in Sources */ = {isa = PBXBuildFile; fileRef = 3536056B1CA6580D008BD497 /* WhoQuoteTests.swift */; };
		353605771CA6580D008BD497 /* WhoQuoteUITests.swift in Sources */ = {isa = PBXBuildFile; fileRef = 353605761CA6580D008BD497 /* WhoQuoteUITests.swift */; };
		35A84DED1CA7400700FE084A /* Assets.xcassets in Resources */ = {isa = PBXBuildFile; fileRef = 35A84DEC1CA7400700FE084A /* Assets.xcassets */; };
		4B94E7C77E5B47D0DA1191CF /* Pods_WhoQuoteUITests.framework in Frameworks */ = {isa = PBXBuildFile; fileRef = 6E7308AE5479B147C3BFDB0F /* Pods_WhoQuoteUITests.framework */; };
		AA70C53DBFD85AE963DA4A07 /* Pods_WhoQuoteTests.framework in Frameworks */ = {isa = PBXBuildFile; fileRef = 93C90BC9C9C570F77E108350 /* Pods_WhoQuoteTests.framework */; };
		B485DF841DC0FC51005649CB /* AppDelegate.swift in Sources */ = {isa = PBXBuildFile; fileRef = B485DF831DC0FC51005649CB /* AppDelegate.swift */; };
		B485DF8A1DC0FC60005649CB /* LoadingViewController.swift in Sources */ = {isa = PBXBuildFile; fileRef = B485DF851DC0FC60005649CB /* LoadingViewController.swift */; };
		B485DF8B1DC0FC60005649CB /* QuizTableViewController.swift in Sources */ = {isa = PBXBuildFile; fileRef = B485DF861DC0FC60005649CB /* QuizTableViewController.swift */; };
		B485DF8C1DC0FC60005649CB /* ResultsTableViewController.swift in Sources */ = {isa = PBXBuildFile; fileRef = B485DF871DC0FC60005649CB /* ResultsTableViewController.swift */; };
		B485DF8D1DC0FC60005649CB /* SelectionTableViewController.swift in Sources */ = {isa = PBXBuildFile; fileRef = B485DF881DC0FC60005649CB /* SelectionTableViewController.swift */; };
		B485DF8E1DC0FC60005649CB /* StartupViewController.swift in Sources */ = {isa = PBXBuildFile; fileRef = B485DF891DC0FC60005649CB /* StartupViewController.swift */; };
		B485DF901DC0FC70005649CB /* Constants.swift in Sources */ = {isa = PBXBuildFile; fileRef = B485DF8F1DC0FC70005649CB /* Constants.swift */; };
		B485DF951DC0FC86005649CB /* SignPainter-HouseScript.ttf in Resources */ = {isa = PBXBuildFile; fileRef = B485DF921DC0FC86005649CB /* SignPainter-HouseScript.ttf */; };
		B485DF961DC0FC86005649CB /* SignPainter.otf in Resources */ = {isa = PBXBuildFile; fileRef = B485DF931DC0FC86005649CB /* SignPainter.otf */; };
		B485DF9D1DC0FCD0005649CB /* Category.swift in Sources */ = {isa = PBXBuildFile; fileRef = B485DF971DC0FCD0005649CB /* Category.swift */; };
		B485DF9E1DC0FCD0005649CB /* Game.swift in Sources */ = {isa = PBXBuildFile; fileRef = B485DF981DC0FCD0005649CB /* Game.swift */; };
		B485DF9F1DC0FCD0005649CB /* Question.swift in Sources */ = {isa = PBXBuildFile; fileRef = B485DF991DC0FCD0005649CB /* Question.swift */; };
		B485DFA01DC0FCD0005649CB /* Quote.swift in Sources */ = {isa = PBXBuildFile; fileRef = B485DF9A1DC0FCD0005649CB /* Quote.swift */; };
		B485DFA11DC0FCD0005649CB /* Speaker.swift in Sources */ = {isa = PBXBuildFile; fileRef = B485DF9B1DC0FCD0005649CB /* Speaker.swift */; };
		B485DFA21DC0FCD0005649CB /* User.swift in Sources */ = {isa = PBXBuildFile; fileRef = B485DF9C1DC0FCD0005649CB /* User.swift */; };
		B485DFA41DC0FCE4005649CB /* UIImageEffects.swift in Sources */ = {isa = PBXBuildFile; fileRef = B485DFA31DC0FCE4005649CB /* UIImageEffects.swift */; };
		B485DFAB1DC0FCF6005649CB /* CategoryTableViewCell.swift in Sources */ = {isa = PBXBuildFile; fileRef = B485DFA51DC0FCF6005649CB /* CategoryTableViewCell.swift */; };
		B485DFAC1DC0FCF6005649CB /* LoadingView.swift in Sources */ = {isa = PBXBuildFile; fileRef = B485DFA61DC0FCF6005649CB /* LoadingView.swift */; };
		B485DFAD1DC0FCF6005649CB /* PersonButton.swift in Sources */ = {isa = PBXBuildFile; fileRef = B485DFA71DC0FCF6005649CB /* PersonButton.swift */; };
		B485DFAE1DC0FCF6005649CB /* PersonTableViewCell.swift in Sources */ = {isa = PBXBuildFile; fileRef = B485DFA81DC0FCF6005649CB /* PersonTableViewCell.swift */; };
		B485DFAF1DC0FCF6005649CB /* ResultsCircle.swift in Sources */ = {isa = PBXBuildFile; fileRef = B485DFA91DC0FCF6005649CB /* ResultsCircle.swift */; };
		B485DFB01DC0FCF7005649CB /* TweetWindow.swift in Sources */ = {isa = PBXBuildFile; fileRef = B485DFAA1DC0FCF6005649CB /* TweetWindow.swift */; };
		DD8542D4C6B7E2AB44159E00 /* Pods_WhoQuote.framework in Frameworks */ = {isa = PBXBuildFile; fileRef = 752D45093E177ADE2122EECA /* Pods_WhoQuote.framework */; };
/* End PBXBuildFile section */

/* Begin PBXContainerItemProxy section */
		353605681CA6580D008BD497 /* PBXContainerItemProxy */ = {
			isa = PBXContainerItemProxy;
			containerPortal = 3536054B1CA6580C008BD497 /* Project object */;
			proxyType = 1;
			remoteGlobalIDString = 353605521CA6580D008BD497;
			remoteInfo = WhoQuote;
		};
		353605731CA6580D008BD497 /* PBXContainerItemProxy */ = {
			isa = PBXContainerItemProxy;
			containerPortal = 3536054B1CA6580C008BD497 /* Project object */;
			proxyType = 1;
			remoteGlobalIDString = 353605521CA6580D008BD497;
			remoteInfo = WhoQuote;
		};
/* End PBXContainerItemProxy section */

/* Begin PBXFileReference section */
		0654F98281C17A5CDF2EE709 /* Pods-WhoQuote.debug.xcconfig */ = {isa = PBXFileReference; includeInIndex = 1; lastKnownFileType = text.xcconfig; name = "Pods-WhoQuote.debug.xcconfig"; path = "Pods/Target Support Files/Pods-WhoQuote/Pods-WhoQuote.debug.xcconfig"; sourceTree = "<group>"; };
		353605531CA6580D008BD497 /* WhoQuote.app */ = {isa = PBXFileReference; explicitFileType = wrapper.application; includeInIndex = 0; path = WhoQuote.app; sourceTree = BUILT_PRODUCTS_DIR; };
		3536055B1CA6580D008BD497 /* Base */ = {isa = PBXFileReference; lastKnownFileType = file.storyboard; name = Base; path = Base.lproj/Main.storyboard; sourceTree = "<group>"; };
		353605601CA6580D008BD497 /* Base */ = {isa = PBXFileReference; lastKnownFileType = file.storyboard; name = Base; path = Base.lproj/LaunchScreen.storyboard; sourceTree = "<group>"; };
		353605671CA6580D008BD497 /* WhoQuoteTests.xctest */ = {isa = PBXFileReference; explicitFileType = wrapper.cfbundle; includeInIndex = 0; path = WhoQuoteTests.xctest; sourceTree = BUILT_PRODUCTS_DIR; };
		3536056B1CA6580D008BD497 /* WhoQuoteTests.swift */ = {isa = PBXFileReference; lastKnownFileType = sourcecode.swift; path = WhoQuoteTests.swift; sourceTree = "<group>"; };
		3536056D1CA6580D008BD497 /* Info.plist */ = {isa = PBXFileReference; lastKnownFileType = text.plist.xml; path = Info.plist; sourceTree = "<group>"; };
		353605721CA6580D008BD497 /* WhoQuoteUITests.xctest */ = {isa = PBXFileReference; explicitFileType = wrapper.cfbundle; includeInIndex = 0; path = WhoQuoteUITests.xctest; sourceTree = BUILT_PRODUCTS_DIR; };
		353605761CA6580D008BD497 /* WhoQuoteUITests.swift */ = {isa = PBXFileReference; lastKnownFileType = sourcecode.swift; path = WhoQuoteUITests.swift; sourceTree = "<group>"; };
		353605781CA6580D008BD497 /* Info.plist */ = {isa = PBXFileReference; lastKnownFileType = text.plist.xml; path = Info.plist; sourceTree = "<group>"; };
		35A84DEC1CA7400700FE084A /* Assets.xcassets */ = {isa = PBXFileReference; lastKnownFileType = folder.assetcatalog; path = Assets.xcassets; sourceTree = "<group>"; };
		4D3AC7E0DDEDD9782EA3C3B1 /* Pods-WhoQuoteUITests.release.xcconfig */ = {isa = PBXFileReference; includeInIndex = 1; lastKnownFileType = text.xcconfig; name = "Pods-WhoQuoteUITests.release.xcconfig"; path = "Pods/Target Support Files/Pods-WhoQuoteUITests/Pods-WhoQuoteUITests.release.xcconfig"; sourceTree = "<group>"; };
		4F5681A3170CEFC81BBD71AE /* Pods-WhoQuote.release.xcconfig */ = {isa = PBXFileReference; includeInIndex = 1; lastKnownFileType = text.xcconfig; name = "Pods-WhoQuote.release.xcconfig"; path = "Pods/Target Support Files/Pods-WhoQuote/Pods-WhoQuote.release.xcconfig"; sourceTree = "<group>"; };
		6E7308AE5479B147C3BFDB0F /* Pods_WhoQuoteUITests.framework */ = {isa = PBXFileReference; explicitFileType = wrapper.framework; includeInIndex = 0; path = Pods_WhoQuoteUITests.framework; sourceTree = BUILT_PRODUCTS_DIR; };
		71002C489359D82FC4AE8A32 /* Pods-WhoQuoteTests.debug.xcconfig */ = {isa = PBXFileReference; includeInIndex = 1; lastKnownFileType = text.xcconfig; name = "Pods-WhoQuoteTests.debug.xcconfig"; path = "Pods/Target Support Files/Pods-WhoQuoteTests/Pods-WhoQuoteTests.debug.xcconfig"; sourceTree = "<group>"; };
		752D45093E177ADE2122EECA /* Pods_WhoQuote.framework */ = {isa = PBXFileReference; explicitFileType = wrapper.framework; includeInIndex = 0; path = Pods_WhoQuote.framework; sourceTree = BUILT_PRODUCTS_DIR; };
		93C90BC9C9C570F77E108350 /* Pods_WhoQuoteTests.framework */ = {isa = PBXFileReference; explicitFileType = wrapper.framework; includeInIndex = 0; path = Pods_WhoQuoteTests.framework; sourceTree = BUILT_PRODUCTS_DIR; };
		A55B7974690CE95D03852FFC /* Pods-WhoQuoteTests.release.xcconfig */ = {isa = PBXFileReference; includeInIndex = 1; lastKnownFileType = text.xcconfig; name = "Pods-WhoQuoteTests.release.xcconfig"; path = "Pods/Target Support Files/Pods-WhoQuoteTests/Pods-WhoQuoteTests.release.xcconfig"; sourceTree = "<group>"; };
		B485DF831DC0FC51005649CB /* AppDelegate.swift */ = {isa = PBXFileReference; fileEncoding = 4; lastKnownFileType = sourcecode.swift; name = AppDelegate.swift; path = Services/AppDelegate.swift; sourceTree = "<group>"; };
		B485DF851DC0FC60005649CB /* LoadingViewController.swift */ = {isa = PBXFileReference; fileEncoding = 4; lastKnownFileType = sourcecode.swift; name = LoadingViewController.swift; path = Controllers/LoadingViewController.swift; sourceTree = "<group>"; };
		B485DF861DC0FC60005649CB /* QuizTableViewController.swift */ = {isa = PBXFileReference; fileEncoding = 4; lastKnownFileType = sourcecode.swift; name = QuizTableViewController.swift; path = Controllers/QuizTableViewController.swift; sourceTree = "<group>"; };
		B485DF871DC0FC60005649CB /* ResultsTableViewController.swift */ = {isa = PBXFileReference; fileEncoding = 4; lastKnownFileType = sourcecode.swift; name = ResultsTableViewController.swift; path = Controllers/ResultsTableViewController.swift; sourceTree = "<group>"; };
		B485DF881DC0FC60005649CB /* SelectionTableViewController.swift */ = {isa = PBXFileReference; fileEncoding = 4; lastKnownFileType = sourcecode.swift; name = SelectionTableViewController.swift; path = Controllers/SelectionTableViewController.swift; sourceTree = "<group>"; };
		B485DF891DC0FC60005649CB /* StartupViewController.swift */ = {isa = PBXFileReference; fileEncoding = 4; lastKnownFileType = sourcecode.swift; name = StartupViewController.swift; path = Controllers/StartupViewController.swift; sourceTree = "<group>"; };
		B485DF8F1DC0FC70005649CB /* Constants.swift */ = {isa = PBXFileReference; fileEncoding = 4; lastKnownFileType = sourcecode.swift; name = Constants.swift; path = Utilities/Constants.swift; sourceTree = "<group>"; };
		B485DF921DC0FC86005649CB /* SignPainter-HouseScript.ttf */ = {isa = PBXFileReference; lastKnownFileType = file; name = "SignPainter-HouseScript.ttf"; path = "Resources/SignPainter-HouseScript.ttf"; sourceTree = "<group>"; };
		B485DF931DC0FC86005649CB /* SignPainter.otf */ = {isa = PBXFileReference; lastKnownFileType = file; name = SignPainter.otf; path = Resources/SignPainter.otf; sourceTree = "<group>"; };
		B485DF971DC0FCD0005649CB /* Category.swift */ = {isa = PBXFileReference; fileEncoding = 4; lastKnownFileType = sourcecode.swift; name = Category.swift; path = Model/Category.swift; sourceTree = "<group>"; };
		B485DF981DC0FCD0005649CB /* Game.swift */ = {isa = PBXFileReference; fileEncoding = 4; lastKnownFileType = sourcecode.swift; name = Game.swift; path = Model/Game.swift; sourceTree = "<group>"; };
		B485DF991DC0FCD0005649CB /* Question.swift */ = {isa = PBXFileReference; fileEncoding = 4; lastKnownFileType = sourcecode.swift; name = Question.swift; path = Model/Question.swift; sourceTree = "<group>"; };
		B485DF9A1DC0FCD0005649CB /* Quote.swift */ = {isa = PBXFileReference; fileEncoding = 4; lastKnownFileType = sourcecode.swift; name = Quote.swift; path = Model/Quote.swift; sourceTree = "<group>"; };
		B485DF9B1DC0FCD0005649CB /* Speaker.swift */ = {isa = PBXFileReference; fileEncoding = 4; lastKnownFileType = sourcecode.swift; name = Speaker.swift; path = Model/Speaker.swift; sourceTree = "<group>"; };
		B485DF9C1DC0FCD0005649CB /* User.swift */ = {isa = PBXFileReference; fileEncoding = 4; lastKnownFileType = sourcecode.swift; name = User.swift; path = Model/User.swift; sourceTree = "<group>"; };
		B485DFA31DC0FCE4005649CB /* UIImageEffects.swift */ = {isa = PBXFileReference; fileEncoding = 4; lastKnownFileType = sourcecode.swift; name = UIImageEffects.swift; path = Frameworks/UIImageEffects.swift; sourceTree = "<group>"; };
		B485DFA51DC0FCF6005649CB /* CategoryTableViewCell.swift */ = {isa = PBXFileReference; fileEncoding = 4; lastKnownFileType = sourcecode.swift; name = CategoryTableViewCell.swift; path = Views/CategoryTableViewCell.swift; sourceTree = "<group>"; };
		B485DFA61DC0FCF6005649CB /* LoadingView.swift */ = {isa = PBXFileReference; fileEncoding = 4; lastKnownFileType = sourcecode.swift; name = LoadingView.swift; path = Views/LoadingView.swift; sourceTree = "<group>"; };
		B485DFA71DC0FCF6005649CB /* PersonButton.swift */ = {isa = PBXFileReference; fileEncoding = 4; lastKnownFileType = sourcecode.swift; name = PersonButton.swift; path = Views/PersonButton.swift; sourceTree = "<group>"; };
		B485DFA81DC0FCF6005649CB /* PersonTableViewCell.swift */ = {isa = PBXFileReference; fileEncoding = 4; lastKnownFileType = sourcecode.swift; name = PersonTableViewCell.swift; path = Views/PersonTableViewCell.swift; sourceTree = "<group>"; };
		B485DFA91DC0FCF6005649CB /* ResultsCircle.swift */ = {isa = PBXFileReference; fileEncoding = 4; lastKnownFileType = sourcecode.swift; name = ResultsCircle.swift; path = Views/ResultsCircle.swift; sourceTree = "<group>"; };
		B485DFAA1DC0FCF6005649CB /* TweetWindow.swift */ = {isa = PBXFileReference; fileEncoding = 4; lastKnownFileType = sourcecode.swift; name = TweetWindow.swift; path = Views/TweetWindow.swift; sourceTree = "<group>"; };
		B485DFB11DC100FE005649CB /* Info.plist */ = {isa = PBXFileReference; fileEncoding = 4; lastKnownFileType = text.plist.xml; path = Info.plist; sourceTree = "<group>"; };
		E148671DDE818B9C99E01D09 /* Pods-WhoQuoteUITests.debug.xcconfig */ = {isa = PBXFileReference; includeInIndex = 1; lastKnownFileType = text.xcconfig; name = "Pods-WhoQuoteUITests.debug.xcconfig"; path = "Pods/Target Support Files/Pods-WhoQuoteUITests/Pods-WhoQuoteUITests.debug.xcconfig"; sourceTree = "<group>"; };
/* End PBXFileReference section */

/* Begin PBXFrameworksBuildPhase section */
		353605501CA6580D008BD497 /* Frameworks */ = {
			isa = PBXFrameworksBuildPhase;
			buildActionMask = 2147483647;
			files = (
				DD8542D4C6B7E2AB44159E00 /* Pods_WhoQuote.framework in Frameworks */,
			);
			runOnlyForDeploymentPostprocessing = 0;
		};
		353605641CA6580D008BD497 /* Frameworks */ = {
			isa = PBXFrameworksBuildPhase;
			buildActionMask = 2147483647;
			files = (
				AA70C53DBFD85AE963DA4A07 /* Pods_WhoQuoteTests.framework in Frameworks */,
			);
			runOnlyForDeploymentPostprocessing = 0;
		};
		3536056F1CA6580D008BD497 /* Frameworks */ = {
			isa = PBXFrameworksBuildPhase;
			buildActionMask = 2147483647;
			files = (
				4B94E7C77E5B47D0DA1191CF /* Pods_WhoQuoteUITests.framework in Frameworks */,
			);
			runOnlyForDeploymentPostprocessing = 0;
		};
/* End PBXFrameworksBuildPhase section */

/* Begin PBXGroup section */
		3536054A1CA6580C008BD497 = {
			isa = PBXGroup;
			children = (
				353605551CA6580D008BD497 /* WhoQuote */,
				3536056A1CA6580D008BD497 /* WhoQuoteTests */,
				353605751CA6580D008BD497 /* WhoQuoteUITests */,
				353605541CA6580D008BD497 /* Products */,
				8F8BD660F6CFBB718F27564E /* Pods */,
				7D8968D63EFD31875DA3CA3E /* Frameworks */,
			);
			sourceTree = "<group>";
		};
		353605541CA6580D008BD497 /* Products */ = {
			isa = PBXGroup;
			children = (
				353605531CA6580D008BD497 /* WhoQuote.app */,
				353605671CA6580D008BD497 /* WhoQuoteTests.xctest */,
				353605721CA6580D008BD497 /* WhoQuoteUITests.xctest */,
			);
			name = Products;
			sourceTree = "<group>";
		};
		353605551CA6580D008BD497 /* WhoQuote */ = {
			isa = PBXGroup;
			children = (
				354D83F01CA66C5E0066CE01 /* Frameworks */,
				353605841CA65829008BD497 /* Model */,
				353605851CA6584C008BD497 /* Resources */,
				353605871CA65875008BD497 /* Services */,
				353605861CA65858008BD497 /* Utilities */,
				353605891CA65886008BD497 /* Controller */,
				353605881CA6587F008BD497 /* View */,
			);
			path = WhoQuote;
			sourceTree = "<group>";
		};
		3536056A1CA6580D008BD497 /* WhoQuoteTests */ = {
			isa = PBXGroup;
			children = (
				3536056B1CA6580D008BD497 /* WhoQuoteTests.swift */,
				3536056D1CA6580D008BD497 /* Info.plist */,
			);
			path = WhoQuoteTests;
			sourceTree = "<group>";
		};
		353605751CA6580D008BD497 /* WhoQuoteUITests */ = {
			isa = PBXGroup;
			children = (
				353605761CA6580D008BD497 /* WhoQuoteUITests.swift */,
				353605781CA6580D008BD497 /* Info.plist */,
			);
			path = WhoQuoteUITests;
			sourceTree = "<group>";
		};
		353605841CA65829008BD497 /* Model */ = {
			isa = PBXGroup;
			children = (
				B485DF971DC0FCD0005649CB /* Category.swift */,
				B485DF981DC0FCD0005649CB /* Game.swift */,
				B485DF991DC0FCD0005649CB /* Question.swift */,
				B485DF9A1DC0FCD0005649CB /* Quote.swift */,
				B485DF9B1DC0FCD0005649CB /* Speaker.swift */,
				B485DF9C1DC0FCD0005649CB /* User.swift */,
			);
			name = Model;
			sourceTree = "<group>";
		};
		353605851CA6584C008BD497 /* Resources */ = {
			isa = PBXGroup;
			children = (
				B485DFB11DC100FE005649CB /* Info.plist */,
				B485DF921DC0FC86005649CB /* SignPainter-HouseScript.ttf */,
				B485DF931DC0FC86005649CB /* SignPainter.otf */,
				3536055A1CA6580D008BD497 /* Main.storyboard */,
				3536055F1CA6580D008BD497 /* LaunchScreen.storyboard */,
				35A84DEC1CA7400700FE084A /* Assets.xcassets */,
			);
			name = Resources;
			sourceTree = "<group>";
		};
		353605861CA65858008BD497 /* Utilities */ = {
			isa = PBXGroup;
			children = (
				B485DF8F1DC0FC70005649CB /* Constants.swift */,
			);
			name = Utilities;
			sourceTree = "<group>";
		};
		353605871CA65875008BD497 /* Services */ = {
			isa = PBXGroup;
			children = (
				B485DF831DC0FC51005649CB /* AppDelegate.swift */,
			);
			name = Services;
			sourceTree = "<group>";
		};
		353605881CA6587F008BD497 /* View */ = {
			isa = PBXGroup;
			children = (
				B485DFA51DC0FCF6005649CB /* CategoryTableViewCell.swift */,
				B485DFA61DC0FCF6005649CB /* LoadingView.swift */,
				B485DFA71DC0FCF6005649CB /* PersonButton.swift */,
				B485DFA81DC0FCF6005649CB /* PersonTableViewCell.swift */,
				B485DFA91DC0FCF6005649CB /* ResultsCircle.swift */,
				B485DFAA1DC0FCF6005649CB /* TweetWindow.swift */,
			);
			name = View;
			sourceTree = "<group>";
		};
		353605891CA65886008BD497 /* Controller */ = {
			isa = PBXGroup;
			children = (
				B485DF851DC0FC60005649CB /* LoadingViewController.swift */,
				B485DF861DC0FC60005649CB /* QuizTableViewController.swift */,
				B485DF871DC0FC60005649CB /* ResultsTableViewController.swift */,
				B485DF881DC0FC60005649CB /* SelectionTableViewController.swift */,
				B485DF891DC0FC60005649CB /* StartupViewController.swift */,
			);
			name = Controller;
			sourceTree = "<group>";
		};
		354D83F01CA66C5E0066CE01 /* Frameworks */ = {
			isa = PBXGroup;
			children = (
				B485DFA31DC0FCE4005649CB /* UIImageEffects.swift */,
			);
			name = Frameworks;
			sourceTree = "<group>";
		};
		7D8968D63EFD31875DA3CA3E /* Frameworks */ = {
			isa = PBXGroup;
			children = (
				752D45093E177ADE2122EECA /* Pods_WhoQuote.framework */,
				93C90BC9C9C570F77E108350 /* Pods_WhoQuoteTests.framework */,
				6E7308AE5479B147C3BFDB0F /* Pods_WhoQuoteUITests.framework */,
			);
			name = Frameworks;
			sourceTree = "<group>";
		};
		8F8BD660F6CFBB718F27564E /* Pods */ = {
			isa = PBXGroup;
			children = (
				0654F98281C17A5CDF2EE709 /* Pods-WhoQuote.debug.xcconfig */,
				4F5681A3170CEFC81BBD71AE /* Pods-WhoQuote.release.xcconfig */,
				71002C489359D82FC4AE8A32 /* Pods-WhoQuoteTests.debug.xcconfig */,
				A55B7974690CE95D03852FFC /* Pods-WhoQuoteTests.release.xcconfig */,
				E148671DDE818B9C99E01D09 /* Pods-WhoQuoteUITests.debug.xcconfig */,
				4D3AC7E0DDEDD9782EA3C3B1 /* Pods-WhoQuoteUITests.release.xcconfig */,
			);
			name = Pods;
			sourceTree = "<group>";
		};
/* End PBXGroup section */

/* Begin PBXNativeTarget section */
		353605521CA6580D008BD497 /* WhoQuote */ = {
			isa = PBXNativeTarget;
			buildConfigurationList = 3536057B1CA6580D008BD497 /* Build configuration list for PBXNativeTarget "WhoQuote" */;
			buildPhases = (
				F46513F8073AFF394AEC5615 /* [CP] Check Pods Manifest.lock */,
				3536054F1CA6580D008BD497 /* Sources */,
				353605501CA6580D008BD497 /* Frameworks */,
				353605511CA6580D008BD497 /* Resources */,
				5692E4B67998CEB737AB3DCE /* [CP] Embed Pods Frameworks */,
				66F7B5D5F2C9EDBB4AD2CF44 /* [CP] Copy Pods Resources */,
			);
			buildRules = (
			);
			dependencies = (
			);
			name = WhoQuote;
			productName = WhoQuote;
			productReference = 353605531CA6580D008BD497 /* WhoQuote.app */;
			productType = "com.apple.product-type.application";
		};
		353605661CA6580D008BD497 /* WhoQuoteTests */ = {
			isa = PBXNativeTarget;
			buildConfigurationList = 3536057E1CA6580D008BD497 /* Build configuration list for PBXNativeTarget "WhoQuoteTests" */;
			buildPhases = (
				87913B6E86E552DBDFBBF4E9 /* [CP] Check Pods Manifest.lock */,
				353605631CA6580D008BD497 /* Sources */,
				353605641CA6580D008BD497 /* Frameworks */,
				353605651CA6580D008BD497 /* Resources */,
				756F816C8E26F1F6B8826767 /* [CP] Embed Pods Frameworks */,
				730823CAA82053E5E4F6E92E /* [CP] Copy Pods Resources */,
			);
			buildRules = (
			);
			dependencies = (
				353605691CA6580D008BD497 /* PBXTargetDependency */,
			);
			name = WhoQuoteTests;
			productName = WhoQuoteTests;
			productReference = 353605671CA6580D008BD497 /* WhoQuoteTests.xctest */;
			productType = "com.apple.product-type.bundle.unit-test";
		};
		353605711CA6580D008BD497 /* WhoQuoteUITests */ = {
			isa = PBXNativeTarget;
			buildConfigurationList = 353605811CA6580D008BD497 /* Build configuration list for PBXNativeTarget "WhoQuoteUITests" */;
			buildPhases = (
				6300E37C62B4577BF0C3488A /* [CP] Check Pods Manifest.lock */,
				3536056E1CA6580D008BD497 /* Sources */,
				3536056F1CA6580D008BD497 /* Frameworks */,
				353605701CA6580D008BD497 /* Resources */,
				812C6A91D73F547179F10725 /* [CP] Copy Pods Resources */,
			);
			buildRules = (
			);
			dependencies = (
				353605741CA6580D008BD497 /* PBXTargetDependency */,
			);
			name = WhoQuoteUITests;
			productName = WhoQuoteUITests;
			productReference = 353605721CA6580D008BD497 /* WhoQuoteUITests.xctest */;
			productType = "com.apple.product-type.bundle.ui-testing";
		};
/* End PBXNativeTarget section */

/* Begin PBXProject section */
		3536054B1CA6580C008BD497 /* Project object */ = {
			isa = PBXProject;
			attributes = {
				LastSwiftUpdateCheck = 0730;
				LastUpgradeCheck = 0800;
				ORGANIZATIONNAME = schrismartin;
				TargetAttributes = {
					353605521CA6580D008BD497 = {
						CreatedOnToolsVersion = 7.3;
						DevelopmentTeam = 4TD75KA4GE;
						LastSwiftMigration = 0800;
					};
					353605661CA6580D008BD497 = {
						CreatedOnToolsVersion = 7.3;
						DevelopmentTeam = 4TD75KA4GE;
						LastSwiftMigration = 0800;
						TestTargetID = 353605521CA6580D008BD497;
					};
					353605711CA6580D008BD497 = {
						CreatedOnToolsVersion = 7.3;
						DevelopmentTeam = 4TD75KA4GE;
						LastSwiftMigration = 0800;
						TestTargetID = 353605521CA6580D008BD497;
					};
				};
			};
			buildConfigurationList = 3536054E1CA6580C008BD497 /* Build configuration list for PBXProject "WhoQuote" */;
			compatibilityVersion = "Xcode 3.2";
			developmentRegion = English;
			hasScannedForEncodings = 0;
			knownRegions = (
				en,
				Base,
			);
			mainGroup = 3536054A1CA6580C008BD497;
			productRefGroup = 353605541CA6580D008BD497 /* Products */;
			projectDirPath = "";
			projectRoot = "";
			targets = (
				353605521CA6580D008BD497 /* WhoQuote */,
				353605661CA6580D008BD497 /* WhoQuoteTests */,
				353605711CA6580D008BD497 /* WhoQuoteUITests */,
			);
		};
/* End PBXProject section */

/* Begin PBXResourcesBuildPhase section */
		353605511CA6580D008BD497 /* Resources */ = {
			isa = PBXResourcesBuildPhase;
			buildActionMask = 2147483647;
			files = (
				353605611CA6580D008BD497 /* LaunchScreen.storyboard in Resources */,
				B485DF961DC0FC86005649CB /* SignPainter.otf in Resources */,
				B485DF951DC0FC86005649CB /* SignPainter-HouseScript.ttf in Resources */,
				3536055C1CA6580D008BD497 /* Main.storyboard in Resources */,
				35A84DED1CA7400700FE084A /* Assets.xcassets in Resources */,
			);
			runOnlyForDeploymentPostprocessing = 0;
		};
		353605651CA6580D008BD497 /* Resources */ = {
			isa = PBXResourcesBuildPhase;
			buildActionMask = 2147483647;
			files = (
			);
			runOnlyForDeploymentPostprocessing = 0;
		};
		353605701CA6580D008BD497 /* Resources */ = {
			isa = PBXResourcesBuildPhase;
			buildActionMask = 2147483647;
			files = (
			);
			runOnlyForDeploymentPostprocessing = 0;
		};
/* End PBXResourcesBuildPhase section */

/* Begin PBXShellScriptBuildPhase section */
		5692E4B67998CEB737AB3DCE /* [CP] Embed Pods Frameworks */ = {
			isa = PBXShellScriptBuildPhase;
			buildActionMask = 2147483647;
			files = (
			);
			inputPaths = (
			);
			name = "[CP] Embed Pods Frameworks";
			outputPaths = (
			);
			runOnlyForDeploymentPostprocessing = 0;
			shellPath = /bin/sh;
			shellScript = "\"${SRCROOT}/Pods/Target Support Files/Pods-WhoQuote/Pods-WhoQuote-frameworks.sh\"\n";
			showEnvVarsInLog = 0;
		};
		6300E37C62B4577BF0C3488A /* [CP] Check Pods Manifest.lock */ = {
			isa = PBXShellScriptBuildPhase;
			buildActionMask = 2147483647;
			files = (
			);
			inputPaths = (
			);
			name = "[CP] Check Pods Manifest.lock";
			outputPaths = (
			);
			runOnlyForDeploymentPostprocessing = 0;
			shellPath = /bin/sh;
			shellScript = "diff \"${PODS_ROOT}/../Podfile.lock\" \"${PODS_ROOT}/Manifest.lock\" > /dev/null\nif [[ $? != 0 ]] ; then\n    cat << EOM\nerror: The sandbox is not in sync with the Podfile.lock. Run 'pod install' or update your CocoaPods installation.\nEOM\n    exit 1\nfi\n";
			showEnvVarsInLog = 0;
		};
		66F7B5D5F2C9EDBB4AD2CF44 /* [CP] Copy Pods Resources */ = {
			isa = PBXShellScriptBuildPhase;
			buildActionMask = 2147483647;
			files = (
			);
			inputPaths = (
			);
			name = "[CP] Copy Pods Resources";
			outputPaths = (
			);
			runOnlyForDeploymentPostprocessing = 0;
			shellPath = /bin/sh;
			shellScript = "\"${SRCROOT}/Pods/Target Support Files/Pods-WhoQuote/Pods-WhoQuote-resources.sh\"\n";
			showEnvVarsInLog = 0;
		};
		730823CAA82053E5E4F6E92E /* [CP] Copy Pods Resources */ = {
			isa = PBXShellScriptBuildPhase;
			buildActionMask = 2147483647;
			files = (
			);
			inputPaths = (
			);
			name = "[CP] Copy Pods Resources";
			outputPaths = (
			);
			runOnlyForDeploymentPostprocessing = 0;
			shellPath = /bin/sh;
			shellScript = "\"${SRCROOT}/Pods/Target Support Files/Pods-WhoQuoteTests/Pods-WhoQuoteTests-resources.sh\"\n";
			showEnvVarsInLog = 0;
		};
		756F816C8E26F1F6B8826767 /* [CP] Embed Pods Frameworks */ = {
			isa = PBXShellScriptBuildPhase;
			buildActionMask = 2147483647;
			files = (
			);
			inputPaths = (
			);
			name = "[CP] Embed Pods Frameworks";
			outputPaths = (
			);
			runOnlyForDeploymentPostprocessing = 0;
			shellPath = /bin/sh;
			shellScript = "\"${SRCROOT}/Pods/Target Support Files/Pods-WhoQuoteTests/Pods-WhoQuoteTests-frameworks.sh\"\n";
			showEnvVarsInLog = 0;
		};
		812C6A91D73F547179F10725 /* [CP] Copy Pods Resources */ = {
			isa = PBXShellScriptBuildPhase;
			buildActionMask = 2147483647;
			files = (
			);
			inputPaths = (
			);
			name = "[CP] Copy Pods Resources";
			outputPaths = (
			);
			runOnlyForDeploymentPostprocessing = 0;
			shellPath = /bin/sh;
			shellScript = "\"${SRCROOT}/Pods/Target Support Files/Pods-WhoQuoteUITests/Pods-WhoQuoteUITests-resources.sh\"\n";
			showEnvVarsInLog = 0;
		};
		87913B6E86E552DBDFBBF4E9 /* [CP] Check Pods Manifest.lock */ = {
			isa = PBXShellScriptBuildPhase;
			buildActionMask = 2147483647;
			files = (
			);
			inputPaths = (
			);
			name = "[CP] Check Pods Manifest.lock";
			outputPaths = (
			);
			runOnlyForDeploymentPostprocessing = 0;
			shellPath = /bin/sh;
			shellScript = "diff \"${PODS_ROOT}/../Podfile.lock\" \"${PODS_ROOT}/Manifest.lock\" > /dev/null\nif [[ $? != 0 ]] ; then\n    cat << EOM\nerror: The sandbox is not in sync with the Podfile.lock. Run 'pod install' or update your CocoaPods installation.\nEOM\n    exit 1\nfi\n";
			showEnvVarsInLog = 0;
		};
		F46513F8073AFF394AEC5615 /* [CP] Check Pods Manifest.lock */ = {
			isa = PBXShellScriptBuildPhase;
			buildActionMask = 2147483647;
			files = (
			);
			inputPaths = (
			);
			name = "[CP] Check Pods Manifest.lock";
			outputPaths = (
			);
			runOnlyForDeploymentPostprocessing = 0;
			shellPath = /bin/sh;
			shellScript = "diff \"${PODS_ROOT}/../Podfile.lock\" \"${PODS_ROOT}/Manifest.lock\" > /dev/null\nif [[ $? != 0 ]] ; then\n    cat << EOM\nerror: The sandbox is not in sync with the Podfile.lock. Run 'pod install' or update your CocoaPods installation.\nEOM\n    exit 1\nfi\n";
			showEnvVarsInLog = 0;
		};
/* End PBXShellScriptBuildPhase section */

/* Begin PBXSourcesBuildPhase section */
		3536054F1CA6580D008BD497 /* Sources */ = {
			isa = PBXSourcesBuildPhase;
			buildActionMask = 2147483647;
			files = (
				B485DFA21DC0FCD0005649CB /* User.swift in Sources */,
				B485DF8D1DC0FC60005649CB /* SelectionTableViewController.swift in Sources */,
				B485DFAC1DC0FCF6005649CB /* LoadingView.swift in Sources */,
				B485DFAD1DC0FCF6005649CB /* PersonButton.swift in Sources */,
				B485DFA01DC0FCD0005649CB /* Quote.swift in Sources */,
				B485DFAE1DC0FCF6005649CB /* PersonTableViewCell.swift in Sources */,
				B485DFA11DC0FCD0005649CB /* Speaker.swift in Sources */,
				B485DFB01DC0FCF7005649CB /* TweetWindow.swift in Sources */,
				B485DF8E1DC0FC60005649CB /* StartupViewController.swift in Sources */,
				B485DF901DC0FC70005649CB /* Constants.swift in Sources */,
				B485DF8C1DC0FC60005649CB /* ResultsTableViewController.swift in Sources */,
				B485DFAB1DC0FCF6005649CB /* CategoryTableViewCell.swift in Sources */,
				B485DF8B1DC0FC60005649CB /* QuizTableViewController.swift in Sources */,
				B485DF8A1DC0FC60005649CB /* LoadingViewController.swift in Sources */,
				B485DFAF1DC0FCF6005649CB /* ResultsCircle.swift in Sources */,
				B485DF9E1DC0FCD0005649CB /* Game.swift in Sources */,
				B485DF9F1DC0FCD0005649CB /* Question.swift in Sources */,
				B485DF841DC0FC51005649CB /* AppDelegate.swift in Sources */,
				B485DF9D1DC0FCD0005649CB /* Category.swift in Sources */,
				B485DFA41DC0FCE4005649CB /* UIImageEffects.swift in Sources */,
			);
			runOnlyForDeploymentPostprocessing = 0;
		};
		353605631CA6580D008BD497 /* Sources */ = {
			isa = PBXSourcesBuildPhase;
			buildActionMask = 2147483647;
			files = (
				3536056C1CA6580D008BD497 /* WhoQuoteTests.swift in Sources */,
			);
			runOnlyForDeploymentPostprocessing = 0;
		};
		3536056E1CA6580D008BD497 /* Sources */ = {
			isa = PBXSourcesBuildPhase;
			buildActionMask = 2147483647;
			files = (
				353605771CA6580D008BD497 /* WhoQuoteUITests.swift in Sources */,
			);
			runOnlyForDeploymentPostprocessing = 0;
		};
/* End PBXSourcesBuildPhase section */

/* Begin PBXTargetDependency section */
		353605691CA6580D008BD497 /* PBXTargetDependency */ = {
			isa = PBXTargetDependency;
			target = 353605521CA6580D008BD497 /* WhoQuote */;
			targetProxy = 353605681CA6580D008BD497 /* PBXContainerItemProxy */;
		};
		353605741CA6580D008BD497 /* PBXTargetDependency */ = {
			isa = PBXTargetDependency;
			target = 353605521CA6580D008BD497 /* WhoQuote */;
			targetProxy = 353605731CA6580D008BD497 /* PBXContainerItemProxy */;
		};
/* End PBXTargetDependency section */

/* Begin PBXVariantGroup section */
		3536055A1CA6580D008BD497 /* Main.storyboard */ = {
			isa = PBXVariantGroup;
			children = (
				3536055B1CA6580D008BD497 /* Base */,
			);
			name = Main.storyboard;
			sourceTree = "<group>";
		};
		3536055F1CA6580D008BD497 /* LaunchScreen.storyboard */ = {
			isa = PBXVariantGroup;
			children = (
				353605601CA6580D008BD497 /* Base */,
			);
			name = LaunchScreen.storyboard;
			sourceTree = "<group>";
		};
/* End PBXVariantGroup section */

/* Begin XCBuildConfiguration section */
		353605791CA6580D008BD497 /* Debug */ = {
			isa = XCBuildConfiguration;
			buildSettings = {
				ALWAYS_SEARCH_USER_PATHS = NO;
				CLANG_ANALYZER_NONNULL = YES;
				CLANG_CXX_LANGUAGE_STANDARD = "gnu++0x";
				CLANG_CXX_LIBRARY = "libc++";
				CLANG_ENABLE_MODULES = YES;
				CLANG_ENABLE_OBJC_ARC = YES;
				CLANG_WARN_BOOL_CONVERSION = YES;
				CLANG_WARN_CONSTANT_CONVERSION = YES;
				CLANG_WARN_DIRECT_OBJC_ISA_USAGE = YES_ERROR;
				CLANG_WARN_EMPTY_BODY = YES;
				CLANG_WARN_ENUM_CONVERSION = YES;
				CLANG_WARN_INFINITE_RECURSION = YES;
				CLANG_WARN_INT_CONVERSION = YES;
				CLANG_WARN_OBJC_ROOT_CLASS = YES_ERROR;
				CLANG_WARN_SUSPICIOUS_MOVE = YES;
				CLANG_WARN_UNREACHABLE_CODE = YES;
				CLANG_WARN__DUPLICATE_METHOD_MATCH = YES;
				"CODE_SIGN_IDENTITY[sdk=iphoneos*]" = "iPhone Developer";
				COPY_PHASE_STRIP = NO;
				DEBUG_INFORMATION_FORMAT = dwarf;
				ENABLE_STRICT_OBJC_MSGSEND = YES;
				ENABLE_TESTABILITY = YES;
				GCC_C_LANGUAGE_STANDARD = gnu99;
				GCC_DYNAMIC_NO_PIC = NO;
				GCC_NO_COMMON_BLOCKS = YES;
				GCC_OPTIMIZATION_LEVEL = 0;
				GCC_PREPROCESSOR_DEFINITIONS = (
					"DEBUG=1",
					"$(inherited)",
				);
				GCC_WARN_64_TO_32_BIT_CONVERSION = YES;
				GCC_WARN_ABOUT_RETURN_TYPE = YES_ERROR;
				GCC_WARN_UNDECLARED_SELECTOR = YES;
				GCC_WARN_UNINITIALIZED_AUTOS = YES_AGGRESSIVE;
				GCC_WARN_UNUSED_FUNCTION = YES;
				GCC_WARN_UNUSED_VARIABLE = YES;
				IPHONEOS_DEPLOYMENT_TARGET = 9.3;
				MTL_ENABLE_DEBUG_INFO = YES;
				ONLY_ACTIVE_ARCH = YES;
				SDKROOT = iphoneos;
				SWIFT_OPTIMIZATION_LEVEL = "-Onone";
			};
			name = Debug;
		};
		3536057A1CA6580D008BD497 /* Release */ = {
			isa = XCBuildConfiguration;
			buildSettings = {
				ALWAYS_SEARCH_USER_PATHS = NO;
				CLANG_ANALYZER_NONNULL = YES;
				CLANG_CXX_LANGUAGE_STANDARD = "gnu++0x";
				CLANG_CXX_LIBRARY = "libc++";
				CLANG_ENABLE_MODULES = YES;
				CLANG_ENABLE_OBJC_ARC = YES;
				CLANG_WARN_BOOL_CONVERSION = YES;
				CLANG_WARN_CONSTANT_CONVERSION = YES;
				CLANG_WARN_DIRECT_OBJC_ISA_USAGE = YES_ERROR;
				CLANG_WARN_EMPTY_BODY = YES;
				CLANG_WARN_ENUM_CONVERSION = YES;
				CLANG_WARN_INFINITE_RECURSION = YES;
				CLANG_WARN_INT_CONVERSION = YES;
				CLANG_WARN_OBJC_ROOT_CLASS = YES_ERROR;
				CLANG_WARN_SUSPICIOUS_MOVE = YES;
				CLANG_WARN_UNREACHABLE_CODE = YES;
				CLANG_WARN__DUPLICATE_METHOD_MATCH = YES;
				"CODE_SIGN_IDENTITY[sdk=iphoneos*]" = "iPhone Developer";
				COPY_PHASE_STRIP = NO;
				DEBUG_INFORMATION_FORMAT = "dwarf-with-dsym";
				ENABLE_NS_ASSERTIONS = NO;
				ENABLE_STRICT_OBJC_MSGSEND = YES;
				GCC_C_LANGUAGE_STANDARD = gnu99;
				GCC_NO_COMMON_BLOCKS = YES;
				GCC_WARN_64_TO_32_BIT_CONVERSION = YES;
				GCC_WARN_ABOUT_RETURN_TYPE = YES_ERROR;
				GCC_WARN_UNDECLARED_SELECTOR = YES;
				GCC_WARN_UNINITIALIZED_AUTOS = YES_AGGRESSIVE;
				GCC_WARN_UNUSED_FUNCTION = YES;
				GCC_WARN_UNUSED_VARIABLE = YES;
				IPHONEOS_DEPLOYMENT_TARGET = 9.3;
				MTL_ENABLE_DEBUG_INFO = NO;
				SDKROOT = iphoneos;
				SWIFT_OPTIMIZATION_LEVEL = "-Owholemodule";
				VALIDATE_PRODUCT = YES;
			};
			name = Release;
		};
		3536057C1CA6580D008BD497 /* Debug */ = {
			isa = XCBuildConfiguration;
			baseConfigurationReference = 0654F98281C17A5CDF2EE709 /* Pods-WhoQuote.debug.xcconfig */;
			buildSettings = {
				ALWAYS_EMBED_SWIFT_STANDARD_LIBRARIES = YES;
				ASSETCATALOG_COMPILER_APPICON_NAME = AppIcon;
				DEVELOPMENT_TEAM = 4TD75KA4GE;
				INFOPLIST_FILE = WhoQuote/Info.plist;
				IPHONEOS_DEPLOYMENT_TARGET = 9.0;
				LD_RUNPATH_SEARCH_PATHS = "$(inherited) @executable_path/Frameworks";
				PRODUCT_BUNDLE_IDENTIFIER = com.schrismartin.WhoQuote;
				PRODUCT_NAME = "$(TARGET_NAME)";
				SWIFT_VERSION = 3.0;
			};
			name = Debug;
		};
		3536057D1CA6580D008BD497 /* Release */ = {
			isa = XCBuildConfiguration;
			baseConfigurationReference = 4F5681A3170CEFC81BBD71AE /* Pods-WhoQuote.release.xcconfig */;
			buildSettings = {
				ALWAYS_EMBED_SWIFT_STANDARD_LIBRARIES = YES;
				ASSETCATALOG_COMPILER_APPICON_NAME = AppIcon;
				DEVELOPMENT_TEAM = 4TD75KA4GE;
				INFOPLIST_FILE = WhoQuote/Info.plist;
				IPHONEOS_DEPLOYMENT_TARGET = 9.0;
				LD_RUNPATH_SEARCH_PATHS = "$(inherited) @executable_path/Frameworks";
				PRODUCT_BUNDLE_IDENTIFIER = com.schrismartin.WhoQuote;
				PRODUCT_NAME = "$(TARGET_NAME)";
				SWIFT_VERSION = 3.0;
			};
			name = Release;
		};
		3536057F1CA6580D008BD497 /* Debug */ = {
			isa = XCBuildConfiguration;
			baseConfigurationReference = 71002C489359D82FC4AE8A32 /* Pods-WhoQuoteTests.debug.xcconfig */;
			buildSettings = {
				BUNDLE_LOADER = "$(TEST_HOST)";
				DEVELOPMENT_TEAM = 4TD75KA4GE;
				INFOPLIST_FILE = WhoQuoteTests/Info.plist;
				LD_RUNPATH_SEARCH_PATHS = "$(inherited) @executable_path/Frameworks @loader_path/Frameworks";
				PRODUCT_BUNDLE_IDENTIFIER = com.schrismartin.WhoQuoteTests;
				PRODUCT_NAME = "$(TARGET_NAME)";
				SWIFT_VERSION = 3.0;
				TEST_HOST = "$(BUILT_PRODUCTS_DIR)/WhoQuote.app/WhoQuote";
			};
			name = Debug;
		};
		353605801CA6580D008BD497 /* Release */ = {
			isa = XCBuildConfiguration;
			baseConfigurationReference = A55B7974690CE95D03852FFC /* Pods-WhoQuoteTests.release.xcconfig */;
			buildSettings = {
				BUNDLE_LOADER = "$(TEST_HOST)";
				DEVELOPMENT_TEAM = 4TD75KA4GE;
				INFOPLIST_FILE = WhoQuoteTests/Info.plist;
				LD_RUNPATH_SEARCH_PATHS = "$(inherited) @executable_path/Frameworks @loader_path/Frameworks";
				PRODUCT_BUNDLE_IDENTIFIER = com.schrismartin.WhoQuoteTests;
				PRODUCT_NAME = "$(TARGET_NAME)";
				SWIFT_VERSION = 3.0;
				TEST_HOST = "$(BUILT_PRODUCTS_DIR)/WhoQuote.app/WhoQuote";
			};
			name = Release;
		};
		353605821CA6580D008BD497 /* Debug */ = {
			isa = XCBuildConfiguration;
			baseConfigurationReference = E148671DDE818B9C99E01D09 /* Pods-WhoQuoteUITests.debug.xcconfig */;
			buildSettings = {
				DEVELOPMENT_TEAM = 4TD75KA4GE;
				INFOPLIST_FILE = WhoQuoteUITests/Info.plist;
				LD_RUNPATH_SEARCH_PATHS = "$(inherited) @executable_path/Frameworks @loader_path/Frameworks";
				PRODUCT_BUNDLE_IDENTIFIER = com.schrismartin.WhoQuoteUITests;
				PRODUCT_NAME = "$(TARGET_NAME)";
				SWIFT_VERSION = 3.0;
				TEST_TARGET_NAME = WhoQuote;
			};
			name = Debug;
		};
		353605831CA6580D008BD497 /* Release */ = {
			isa = XCBuildConfiguration;
			baseConfigurationReference = 4D3AC7E0DDEDD9782EA3C3B1 /* Pods-WhoQuoteUITests.release.xcconfig */;
			buildSettings = {
				DEVELOPMENT_TEAM = 4TD75KA4GE;
				INFOPLIST_FILE = WhoQuoteUITests/Info.plist;
				LD_RUNPATH_SEARCH_PATHS = "$(inherited) @executable_path/Frameworks @loader_path/Frameworks";
				PRODUCT_BUNDLE_IDENTIFIER = com.schrismartin.WhoQuoteUITests;
				PRODUCT_NAME = "$(TARGET_NAME)";
				SWIFT_VERSION = 3.0;
				TEST_TARGET_NAME = WhoQuote;
			};
			name = Release;
		};
/* End XCBuildConfiguration section */

/* Begin XCConfigurationList section */
		3536054E1CA6580C008BD497 /* Build configuration list for PBXProject "WhoQuote" */ = {
			isa = XCConfigurationList;
			buildConfigurations = (
				353605791CA6580D008BD497 /* Debug */,
				3536057A1CA6580D008BD497 /* Release */,
			);
			defaultConfigurationIsVisible = 0;
			defaultConfigurationName = Release;
		};
		3536057B1CA6580D008BD497 /* Build configuration list for PBXNativeTarget "WhoQuote" */ = {
			isa = XCConfigurationList;
			buildConfigurations = (
				3536057C1CA6580D008BD497 /* Debug */,
				3536057D1CA6580D008BD497 /* Release */,
			);
			defaultConfigurationIsVisible = 0;
			defaultConfigurationName = Release;
		};
		3536057E1CA6580D008BD497 /* Build configuration list for PBXNativeTarget "WhoQuoteTests" */ = {
			isa = XCConfigurationList;
			buildConfigurations = (
				3536057F1CA6580D008BD497 /* Debug */,
				353605801CA6580D008BD497 /* Release */,
			);
			defaultConfigurationIsVisible = 0;
			defaultConfigurationName = Release;
		};
		353605811CA6580D008BD497 /* Build configuration list for PBXNativeTarget "WhoQuoteUITests" */ = {
			isa = XCConfigurationList;
			buildConfigurations = (
				353605821CA6580D008BD497 /* Debug */,
				353605831CA6580D008BD497 /* Release */,
			);
			defaultConfigurationIsVisible = 0;
			defaultConfigurationName = Release;
		};
/* End XCConfigurationList section */
	};
	rootObject = 3536054B1CA6580C008BD497 /* Project object */;
}
